
Microsoft Visual Studio Solution File, Format Version 12.00
# Visual Studio Version 17
VisualStudioVersion = 17.13.35919.96 d17.13
MinimumVisualStudioVersion = 10.0.40219.1
Project("{FAE04EC0-301F-11D3-BF4B-00C04F79EFBC}") = "TextRpgProject", "TextRpgProject\TextRpgProject.csproj", "{74EEF97F-34C8-4D29-97E8-E7DA178086D2}"
EndProject
Global
	GlobalSection(SolutionConfigurationPlatforms) = preSolution
		Debug|Any CPU = Debug|Any CPU
		Release|Any CPU = Release|Any CPU
	EndGlobalSection
	GlobalSection(ProjectConfigurationPlatforms) = postSolution
		{74EEF97F-34C8-4D29-97E8-E7DA178086D2}.Debug|Any CPU.ActiveCfg = Debug|Any CPU
		{74EEF97F-34C8-4D29-97E8-E7DA178086D2}.Debug|Any CPU.Build.0 = Debug|Any CPU
		{74EEF97F-34C8-4D29-97E8-E7DA178086D2}.Release|Any CPU.ActiveCfg = Release|Any CPU
		{74EEF97F-34C8-4D29-97E8-E7DA178086D2}.Release|Any CPU.Build.0 = Release|Any CPU
	EndGlobalSection
	GlobalSection(SolutionProperties) = preSolution
		HideSolutionNode = FALSE
	EndGlobalSection
	GlobalSection(ExtensibilityGlobals) = postSolution
		SolutionGuid = {F6CB0607-59C6-4394-9FC4-6E14BDFF2D0F}
	EndGlobalSection
EndGlobal
